// !$*UTF8*$!
{
	archiveVersion = 1;
	classes = {
	};
	objectVersion = 56;
	objects = {

/* Begin PBXBuildFile section */
		780A7A5329D0948F00959814 /* PokemonDetail.swift in Sources */ = {isa = PBXBuildFile; fileRef = 780A7A5229D0948F00959814 /* PokemonDetail.swift */; };
		789200C329CF3F3300267699 /* Pokemons.swift in Sources */ = {isa = PBXBuildFile; fileRef = 789200C229CF3F3300267699 /* Pokemons.swift */; };
		789200C529CF4AF200267699 /* DetailViewController.swift in Sources */ = {isa = PBXBuildFile; fileRef = 789200C429CF4AF200267699 /* DetailViewController.swift */; };
		789200C729D06D3A00267699 /* Pokemon.swift in Sources */ = {isa = PBXBuildFile; fileRef = 789200C629D06D3A00267699 /* Pokemon.swift */; };
		78DEFCC429CF2FCA00F1EF70 /* AppDelegate.swift in Sources */ = {isa = PBXBuildFile; fileRef = 78DEFCC329CF2FCA00F1EF70 /* AppDelegate.swift */; };
		78DEFCC629CF2FCA00F1EF70 /* SceneDelegate.swift in Sources */ = {isa = PBXBuildFile; fileRef = 78DEFCC529CF2FCA00F1EF70 /* SceneDelegate.swift */; };
		78DEFCC829CF2FCA00F1EF70 /* ListViewController.swift in Sources */ = {isa = PBXBuildFile; fileRef = 78DEFCC729CF2FCA00F1EF70 /* ListViewController.swift */; };
		78DEFCCB29CF2FCA00F1EF70 /* Main.storyboard in Resources */ = {isa = PBXBuildFile; fileRef = 78DEFCC929CF2FCA00F1EF70 /* Main.storyboard */; };
		78DEFCCD29CF2FCB00F1EF70 /* Assets.xcassets in Resources */ = {isa = PBXBuildFile; fileRef = 78DEFCCC29CF2FCB00F1EF70 /* Assets.xcassets */; };
		78DEFCD029CF2FCB00F1EF70 /* LaunchScreen.storyboard in Resources */ = {isa = PBXBuildFile; fileRef = 78DEFCCE29CF2FCB00F1EF70 /* LaunchScreen.storyboard */; };
		78DEFCDA29CF347700F1EF70 /* PokemonTableViewCell.swift in Sources */ = {isa = PBXBuildFile; fileRef = 78DEFCD929CF347700F1EF70 /* PokemonTableViewCell.swift */; };
/* End PBXBuildFile section */

/* Begin PBXFileReference section */
		780A7A5229D0948F00959814 /* PokemonDetail.swift */ = {isa = PBXFileReference; lastKnownFileType = sourcecode.swift; path = PokemonDetail.swift; sourceTree = "<group>"; };
		789200C229CF3F3300267699 /* Pokemons.swift */ = {isa = PBXFileReference; lastKnownFileType = sourcecode.swift; path = Pokemons.swift; sourceTree = "<group>"; };
		789200C429CF4AF200267699 /* DetailViewController.swift */ = {isa = PBXFileReference; lastKnownFileType = sourcecode.swift; path = DetailViewController.swift; sourceTree = "<group>"; };
		789200C629D06D3A00267699 /* Pokemon.swift */ = {isa = PBXFileReference; lastKnownFileType = sourcecode.swift; path = Pokemon.swift; sourceTree = "<group>"; };
		78DEFCC029CF2FCA00F1EF70 /* PokeApiApp.app */ = {isa = PBXFileReference; explicitFileType = wrapper.application; includeInIndex = 0; path = PokeApiApp.app; sourceTree = BUILT_PRODUCTS_DIR; };
		78DEFCC329CF2FCA00F1EF70 /* AppDelegate.swift */ = {isa = PBXFileReference; lastKnownFileType = sourcecode.swift; path = AppDelegate.swift; sourceTree = "<group>"; };
		78DEFCC529CF2FCA00F1EF70 /* SceneDelegate.swift */ = {isa = PBXFileReference; lastKnownFileType = sourcecode.swift; path = SceneDelegate.swift; sourceTree = "<group>"; };
		78DEFCC729CF2FCA00F1EF70 /* ListViewController.swift */ = {isa = PBXFileReference; lastKnownFileType = sourcecode.swift; path = ListViewController.swift; sourceTree = "<group>"; };
		78DEFCCA29CF2FCA00F1EF70 /* Base */ = {isa = PBXFileReference; lastKnownFileType = file.storyboard; name = Base; path = Base.lproj/Main.storyboard; sourceTree = "<group>"; };
		78DEFCCC29CF2FCB00F1EF70 /* Assets.xcassets */ = {isa = PBXFileReference; lastKnownFileType = folder.assetcatalog; path = Assets.xcassets; sourceTree = "<group>"; };
		78DEFCCF29CF2FCB00F1EF70 /* Base */ = {isa = PBXFileReference; lastKnownFileType = file.storyboard; name = Base; path = Base.lproj/LaunchScreen.storyboard; sourceTree = "<group>"; };
		78DEFCD129CF2FCB00F1EF70 /* Info.plist */ = {isa = PBXFileReference; lastKnownFileType = text.plist.xml; path = Info.plist; sourceTree = "<group>"; };
		78DEFCD929CF347700F1EF70 /* PokemonTableViewCell.swift */ = {isa = PBXFileReference; lastKnownFileType = sourcecode.swift; path = PokemonTableViewCell.swift; sourceTree = "<group>"; };
/* End PBXFileReference section */

/* Begin PBXFrameworksBuildPhase section */
		78DEFCBD29CF2FCA00F1EF70 /* Frameworks */ = {
			isa = PBXFrameworksBuildPhase;
			buildActionMask = 2147483647;
			files = (
			);
			runOnlyForDeploymentPostprocessing = 0;
		};
/* End PBXFrameworksBuildPhase section */

/* Begin PBXGroup section */
		78DEFCB729CF2FCA00F1EF70 = {
			isa = PBXGroup;
			children = (
				78DEFCC229CF2FCA00F1EF70 /* PokeApiApp */,
				78DEFCC129CF2FCA00F1EF70 /* Products */,
			);
			sourceTree = "<group>";
		};
		78DEFCC129CF2FCA00F1EF70 /* Products */ = {
			isa = PBXGroup;
			children = (
				78DEFCC029CF2FCA00F1EF70 /* PokeApiApp.app */,
			);
			name = Products;
			sourceTree = "<group>";
		};
		78DEFCC229CF2FCA00F1EF70 /* PokeApiApp */ = {
			isa = PBXGroup;
			children = (
				78DEFCC329CF2FCA00F1EF70 /* AppDelegate.swift */,
				78DEFCC529CF2FCA00F1EF70 /* SceneDelegate.swift */,
				789200C629D06D3A00267699 /* Pokemon.swift */,
				789200C229CF3F3300267699 /* Pokemons.swift */,
				780A7A5229D0948F00959814 /* PokemonDetail.swift */,
				78DEFCC729CF2FCA00F1EF70 /* ListViewController.swift */,
				78DEFCD929CF347700F1EF70 /* PokemonTableViewCell.swift */,
				789200C429CF4AF200267699 /* DetailViewController.swift */,
				78DEFCC929CF2FCA00F1EF70 /* Main.storyboard */,
				78DEFCCC29CF2FCB00F1EF70 /* Assets.xcassets */,
				78DEFCCE29CF2FCB00F1EF70 /* LaunchScreen.storyboard */,
				78DEFCD129CF2FCB00F1EF70 /* Info.plist */,
			);
			path = PokeApiApp;
			sourceTree = "<group>";
		};
/* End PBXGroup section */

/* Begin PBXNativeTarget section */
		78DEFCBF29CF2FCA00F1EF70 /* PokeApiApp */ = {
			isa = PBXNativeTarget;
			buildConfigurationList = 78DEFCD429CF2FCB00F1EF70 /* Build configuration list for PBXNativeTarget "PokeApiApp" */;
			buildPhases = (
				78DEFCBC29CF2FCA00F1EF70 /* Sources */,
				78DEFCBD29CF2FCA00F1EF70 /* Frameworks */,
				78DEFCBE29CF2FCA00F1EF70 /* Resources */,
			);
			buildRules = (
			);
			dependencies = (
			);
			name = PokeApiApp;
			productName = PokeApiApp;
			productReference = 78DEFCC029CF2FCA00F1EF70 /* PokeApiApp.app */;
			productType = "com.apple.product-type.application";
		};
/* End PBXNativeTarget section */

/* Begin PBXProject section */
		78DEFCB829CF2FCA00F1EF70 /* Project object */ = {
			isa = PBXProject;
			attributes = {
				BuildIndependentTargetsInParallel = 1;
				LastSwiftUpdateCheck = 1420;
				LastUpgradeCheck = 1420;
				TargetAttributes = {
					78DEFCBF29CF2FCA00F1EF70 = {
						CreatedOnToolsVersion = 14.2;
					};
				};
			};
			buildConfigurationList = 78DEFCBB29CF2FCA00F1EF70 /* Build configuration list for PBXProject "PokeApiApp" */;
			compatibilityVersion = "Xcode 14.0";
			developmentRegion = en;
			hasScannedForEncodings = 0;
			knownRegions = (
				en,
				Base,
			);
			mainGroup = 78DEFCB729CF2FCA00F1EF70;
			productRefGroup = 78DEFCC129CF2FCA00F1EF70 /* Products */;
			projectDirPath = "";
			projectRoot = "";
			targets = (
				78DEFCBF29CF2FCA00F1EF70 /* PokeApiApp */,
			);
		};
/* End PBXProject section */

/* Begin PBXResourcesBuildPhase section */
		78DEFCBE29CF2FCA00F1EF70 /* Resources */ = {
			isa = PBXResourcesBuildPhase;
			buildActionMask = 2147483647;
			files = (
				78DEFCD029CF2FCB00F1EF70 /* LaunchScreen.storyboard in Resources */,
				78DEFCCD29CF2FCB00F1EF70 /* Assets.xcassets in Resources */,
				78DEFCCB29CF2FCA00F1EF70 /* Main.storyboard in Resources */,
			);
			runOnlyForDeploymentPostprocessing = 0;
		};
/* End PBXResourcesBuildPhase section */

/* Begin PBXSourcesBuildPhase section */
		78DEFCBC29CF2FCA00F1EF70 /* Sources */ = {
			isa = PBXSourcesBuildPhase;
			buildActionMask = 2147483647;
			files = (
				789200C729D06D3A00267699 /* Pokemon.swift in Sources */,
				78DEFCC829CF2FCA00F1EF70 /* ListViewController.swift in Sources */,
				780A7A5329D0948F00959814 /* PokemonDetail.swift in Sources */,
				78DEFCDA29CF347700F1EF70 /* PokemonTableViewCell.swift in Sources */,
				789200C329CF3F3300267699 /* Pokemons.swift in Sources */,
				789200C529CF4AF200267699 /* DetailViewController.swift in Sources */,
				78DEFCC429CF2FCA00F1EF70 /* AppDelegate.swift in Sources */,
				78DEFCC629CF2FCA00F1EF70 /* SceneDelegate.swift in Sources */,
			);
			runOnlyForDeploymentPostprocessing = 0;
		};
/* End PBXSourcesBuildPhase section */

/* Begin PBXVariantGroup section */
		78DEFCC929CF2FCA00F1EF70 /* Main.storyboard */ = {
			isa = PBXVariantGroup;
			children = (
				78DEFCCA29CF2FCA00F1EF70 /* Base */,
			);
			name = Main.storyboard;
			sourceTree = "<group>";
		};
		78DEFCCE29CF2FCB00F1EF70 /* LaunchScreen.storyboard */ = {
			isa = PBXVariantGroup;
			children = (
				78DEFCCF29CF2FCB00F1EF70 /* Base */,
			);
			name = LaunchScreen.storyboard;
			sourceTree = "<group>";
		};
/* End PBXVariantGroup section */

/* Begin XCBuildConfiguration section */
		78DEFCD229CF2FCB00F1EF70 /* Debug */ = {
			isa = XCBuildConfiguration;
			buildSettings = {
				ALWAYS_SEARCH_USER_PATHS = NO;
				CLANG_ANALYZER_NONNULL = YES;
				CLANG_ANALYZER_NUMBER_OBJECT_CONVERSION = YES_AGGRESSIVE;
				CLANG_CXX_LANGUAGE_STANDARD = "gnu++20";
				CLANG_ENABLE_MODULES = YES;
				CLANG_ENABLE_OBJC_ARC = YES;
				CLANG_ENABLE_OBJC_WEAK = YES;
				CLANG_WARN_BLOCK_CAPTURE_AUTORELEASING = YES;
				CLANG_WARN_BOOL_CONVERSION = YES;
				CLANG_WARN_COMMA = YES;
				CLANG_WARN_CONSTANT_CONVERSION = YES;
				CLANG_WARN_DEPRECATED_OBJC_IMPLEMENTATIONS = YES;
				CLANG_WARN_DIRECT_OBJC_ISA_USAGE = YES_ERROR;
				CLANG_WARN_DOCUMENTATION_COMMENTS = YES;
				CLANG_WARN_EMPTY_BODY = YES;
				CLANG_WARN_ENUM_CONVERSION = YES;
				CLANG_WARN_INFINITE_RECURSION = YES;
				CLANG_WARN_INT_CONVERSION = YES;
				CLANG_WARN_NON_LITERAL_NULL_CONVERSION = YES;
				CLANG_WARN_OBJC_IMPLICIT_RETAIN_SELF = YES;
				CLANG_WARN_OBJC_LITERAL_CONVERSION = YES;
				CLANG_WARN_OBJC_ROOT_CLASS = YES_ERROR;
				CLANG_WARN_QUOTED_INCLUDE_IN_FRAMEWORK_HEADER = YES;
				CLANG_WARN_RANGE_LOOP_ANALYSIS = YES;
				CLANG_WARN_STRICT_PROTOTYPES = YES;
				CLANG_WARN_SUSPICIOUS_MOVE = YES;
				CLANG_WARN_UNGUARDED_AVAILABILITY = YES_AGGRESSIVE;
				CLANG_WARN_UNREACHABLE_CODE = YES;
				CLANG_WARN__DUPLICATE_METHOD_MATCH = YES;
				COPY_PHASE_STRIP = NO;
				DEBUG_INFORMATION_FORMAT = dwarf;
				ENABLE_STRICT_OBJC_MSGSEND = YES;
				ENABLE_TESTABILITY = YES;
				GCC_C_LANGUAGE_STANDARD = gnu11;
				GCC_DYNAMIC_NO_PIC = NO;
				GCC_NO_COMMON_BLOCKS = YES;
				GCC_OPTIMIZATION_LEVEL = 0;
				GCC_PREPROCESSOR_DEFINITIONS = (
					"DEBUG=1",
					"$(inherited)",
				);
				GCC_WARN_64_TO_32_BIT_CONVERSION = YES;
				GCC_WARN_ABOUT_RETURN_TYPE = YES_ERROR;
				GCC_WARN_UNDECLARED_SELECTOR = YES;
				GCC_WARN_UNINITIALIZED_AUTOS = YES_AGGRESSIVE;
				GCC_WARN_UNUSED_FUNCTION = YES;
				GCC_WARN_UNUSED_VARIABLE = YES;
				IPHONEOS_DEPLOYMENT_TARGET = 16.2;
				MTL_ENABLE_DEBUG_INFO = INCLUDE_SOURCE;
				MTL_FAST_MATH = YES;
				ONLY_ACTIVE_ARCH = YES;
				SDKROOT = iphoneos;
				SWIFT_ACTIVE_COMPILATION_CONDITIONS = DEBUG;
				SWIFT_OPTIMIZATION_LEVEL = "-Onone";
			};
			name = Debug;
		};
		78DEFCD329CF2FCB00F1EF70 /* Release */ = {
			isa = XCBuildConfiguration;
			buildSettings = {
				ALWAYS_SEARCH_USER_PATHS = NO;
				CLANG_ANALYZER_NONNULL = YES;
				CLANG_ANALYZER_NUMBER_OBJECT_CONVERSION = YES_AGGRESSIVE;
				CLANG_CXX_LANGUAGE_STANDARD = "gnu++20";
				CLANG_ENABLE_MODULES = YES;
				CLANG_ENABLE_OBJC_ARC = YES;
				CLANG_ENABLE_OBJC_WEAK = YES;
				CLANG_WARN_BLOCK_CAPTURE_AUTORELEASING = YES;
				CLANG_WARN_BOOL_CONVERSION = YES;
				CLANG_WARN_COMMA = YES;
				CLANG_WARN_CONSTANT_CONVERSION = YES;
				CLANG_WARN_DEPRECATED_OBJC_IMPLEMENTATIONS = YES;
				CLANG_WARN_DIRECT_OBJC_ISA_USAGE = YES_ERROR;
				CLANG_WARN_DOCUMENTATION_COMMENTS = YES;
				CLANG_WARN_EMPTY_BODY = YES;
				CLANG_WARN_ENUM_CONVERSION = YES;
				CLANG_WARN_INFINITE_RECURSION = YES;
				CLANG_WARN_INT_CONVERSION = YES;
				CLANG_WARN_NON_LITERAL_NULL_CONVERSION = YES;
				CLANG_WARN_OBJC_IMPLICIT_RETAIN_SELF = YES;
				CLANG_WARN_OBJC_LITERAL_CONVERSION = YES;
				CLANG_WARN_OBJC_ROOT_CLASS = YES_ERROR;
				CLANG_WARN_QUOTED_INCLUDE_IN_FRAMEWORK_HEADER = YES;
				CLANG_WARN_RANGE_LOOP_ANALYSIS = YES;
				CLANG_WARN_STRICT_PROTOTYPES = YES;
				CLANG_WARN_SUSPICIOUS_MOVE = YES;
				CLANG_WARN_UNGUARDED_AVAILABILITY = YES_AGGRESSIVE;
				CLANG_WARN_UNREACHABLE_CODE = YES;
				CLANG_WARN__DUPLICATE_METHOD_MATCH = YES;
				COPY_PHASE_STRIP = NO;
				DEBUG_INFORMATION_FORMAT = "dwarf-with-dsym";
				ENABLE_NS_ASSERTIONS = NO;
				ENABLE_STRICT_OBJC_MSGSEND = YES;
				GCC_C_LANGUAGE_STANDARD = gnu11;
				GCC_NO_COMMON_BLOCKS = YES;
				GCC_WARN_64_TO_32_BIT_CONVERSION = YES;
				GCC_WARN_ABOUT_RETURN_TYPE = YES_ERROR;
				GCC_WARN_UNDECLARED_SELECTOR = YES;
				GCC_WARN_UNINITIALIZED_AUTOS = YES_AGGRESSIVE;
				GCC_WARN_UNUSED_FUNCTION = YES;
				GCC_WARN_UNUSED_VARIABLE = YES;
				IPHONEOS_DEPLOYMENT_TARGET = 16.2;
				MTL_ENABLE_DEBUG_INFO = NO;
				MTL_FAST_MATH = YES;
				SDKROOT = iphoneos;
				SWIFT_COMPILATION_MODE = wholemodule;
				SWIFT_OPTIMIZATION_LEVEL = "-O";
				VALIDATE_PRODUCT = YES;
			};
			name = Release;
		};
		78DEFCD529CF2FCB00F1EF70 /* Debug */ = {
			isa = XCBuildConfiguration;
			buildSettings = {
				ASSETCATALOG_COMPILER_APPICON_NAME = AppIcon;
				ASSETCATALOG_COMPILER_GLOBAL_ACCENT_COLOR_NAME = AccentColor;
				CODE_SIGN_STYLE = Automatic;
				CURRENT_PROJECT_VERSION = 1;
				DEVELOPMENT_TEAM = Z2X8TJ8NG6;
				GENERATE_INFOPLIST_FILE = YES;
				INFOPLIST_FILE = PokeApiApp/Info.plist;
				INFOPLIST_KEY_UIApplicationSupportsIndirectInputEvents = YES;
				INFOPLIST_KEY_UILaunchStoryboardName = LaunchScreen;
				INFOPLIST_KEY_UIMainStoryboardFile = Main;
				INFOPLIST_KEY_UISupportedInterfaceOrientations_iPad = "UIInterfaceOrientationPortrait UIInterfaceOrientationPortraitUpsideDown UIInterfaceOrientationLandscapeLeft UIInterfaceOrientationLandscapeRight";
				INFOPLIST_KEY_UISupportedInterfaceOrientations_iPhone = "UIInterfaceOrientationPortrait UIInterfaceOrientationLandscapeLeft UIInterfaceOrientationLandscapeRight";
				LD_RUNPATH_SEARCH_PATHS = (
					"$(inherited)",
					"@executable_path/Frameworks",
				);
				MARKETING_VERSION = 1.0;
				PRODUCT_BUNDLE_IDENTIFIER = bakihasanerturk.PokeApiApp;
				PRODUCT_NAME = "$(TARGET_NAME)";
				SWIFT_EMIT_LOC_STRINGS = YES;
				SWIFT_VERSION = 5.0;
				TARGETED_DEVICE_FAMILY = "1,2";
			};
			name = Debug;
		};
		78DEFCD629CF2FCB00F1EF70 /* Release */ = {
			isa = XCBuildConfiguration;
			buildSettings = {
				ASSETCATALOG_COMPILER_APPICON_NAME = AppIcon;
				ASSETCATALOG_COMPILER_GLOBAL_ACCENT_COLOR_NAME = AccentColor;
				CODE_SIGN_STYLE = Automatic;
				CURRENT_PROJECT_VERSION = 1;
				DEVELOPMENT_TEAM = Z2X8TJ8NG6;
				GENERATE_INFOPLIST_FILE = YES;
				INFOPLIST_FILE = PokeApiApp/Info.plist;
				INFOPLIST_KEY_UIApplicationSupportsIndirectInputEvents = YES;
				INFOPLIST_KEY_UILaunchStoryboardName = LaunchScreen;
				INFOPLIST_KEY_UIMainStoryboardFile = Main;
				INFOPLIST_KEY_UISupportedInterfaceOrientations_iPad = "UIInterfaceOrientationPortrait UIInterfaceOrientationPortraitUpsideDown UIInterfaceOrientationLandscapeLeft UIInterfaceOrientationLandscapeRight";
				INFOPLIST_KEY_UISupportedInterfaceOrientations_iPhone = "UIInterfaceOrientationPortrait UIInterfaceOrientationLandscapeLeft UIInterfaceOrientationLandscapeRight";
				LD_RUNPATH_SEARCH_PATHS = (
					"$(inherited)",
					"@executable_path/Frameworks",
				);
				MARKETING_VERSION = 1.0;
				PRODUCT_BUNDLE_IDENTIFIER = bakihasanerturk.PokeApiApp;
				PRODUCT_NAME = "$(TARGET_NAME)";
				SWIFT_EMIT_LOC_STRINGS = YES;
				SWIFT_VERSION = 5.0;
				TARGETED_DEVICE_FAMILY = "1,2";
			};
			name = Release;
		};
/* End XCBuildConfiguration section */

/* Begin XCConfigurationList section */
		78DEFCBB29CF2FCA00F1EF70 /* Build configuration list for PBXProject "PokeApiApp" */ = {
			isa = XCConfigurationList;
			buildConfigurations = (
				78DEFCD229CF2FCB00F1EF70 /* Debug */,
				78DEFCD329CF2FCB00F1EF70 /* Release */,
			);
			defaultConfigurationIsVisible = 0;
			defaultConfigurationName = Release;
		};
		78DEFCD429CF2FCB00F1EF70 /* Build configuration list for PBXNativeTarget "PokeApiApp" */ = {
			isa = XCConfigurationList;
			buildConfigurations = (
				78DEFCD529CF2FCB00F1EF70 /* Debug */,
				78DEFCD629CF2FCB00F1EF70 /* Release */,
			);
			defaultConfigurationIsVisible = 0;
			defaultConfigurationName = Release;
		};
/* End XCConfigurationList section */
	};
	rootObject = 78DEFCB829CF2FCA00F1EF70 /* Project object */;
}
